// !$*UTF8*$!
{
	archiveVersion = 1;
	classes = {
	};
	objectVersion = 46;
	objects = {

/* Begin PBXBuildFile section */
		DC23EE5E1D68B66A00F34EB7 /* AppDelegate.swift in Sources */ = {isa = PBXBuildFile; fileRef = DC23EE5D1D68B66A00F34EB7 /* AppDelegate.swift */; };
		DC23EE601D68B66A00F34EB7 /* ViewController.swift in Sources */ = {isa = PBXBuildFile; fileRef = DC23EE5F1D68B66A00F34EB7 /* ViewController.swift */; };
		DC23EE631D68B66A00F34EB7 /* Main.storyboard in Resources */ = {isa = PBXBuildFile; fileRef = DC23EE611D68B66A00F34EB7 /* Main.storyboard */; };
		DC23EE651D68B66A00F34EB7 /* Assets.xcassets in Resources */ = {isa = PBXBuildFile; fileRef = DC23EE641D68B66A00F34EB7 /* Assets.xcassets */; };
		DC23EE681D68B66A00F34EB7 /* LaunchScreen.storyboard in Resources */ = {isa = PBXBuildFile; fileRef = DC23EE661D68B66A00F34EB7 /* LaunchScreen.storyboard */; };
		DC23EE731D68B66A00F34EB7 /* QuizTests.swift in Sources */ = {isa = PBXBuildFile; fileRef = DC23EE721D68B66A00F34EB7 /* QuizTests.swift */; };
/* End PBXBuildFile section */

/* Begin PBXContainerItemProxy section */
		DC23EE6F1D68B66A00F34EB7 /* PBXContainerItemProxy */ = {
			isa = PBXContainerItemProxy;
			containerPortal = DC23EE521D68B66A00F34EB7 /* Project object */;
			proxyType = 1;
			remoteGlobalIDString = DC23EE591D68B66A00F34EB7;
			remoteInfo = Quiz;
		};
/* End PBXContainerItemProxy section */

/* Begin PBXFileReference section */
		DC23EE5A1D68B66A00F34EB7 /* Quiz.app */ = {isa = PBXFileReference; explicitFileType = wrapper.application; includeInIndex = 0; path = Quiz.app; sourceTree = BUILT_PRODUCTS_DIR; };
		DC23EE5D1D68B66A00F34EB7 /* AppDelegate.swift */ = {isa = PBXFileReference; lastKnownFileType = sourcecode.swift; path = AppDelegate.swift; sourceTree = "<group>"; };
		DC23EE5F1D68B66A00F34EB7 /* ViewController.swift */ = {isa = PBXFileReference; lastKnownFileType = sourcecode.swift; path = ViewController.swift; sourceTree = "<group>"; };
		DC23EE621D68B66A00F34EB7 /* Base */ = {isa = PBXFileReference; lastKnownFileType = file.storyboard; name = Base; path = Base.lproj/Main.storyboard; sourceTree = "<group>"; };
		DC23EE641D68B66A00F34EB7 /* Assets.xcassets */ = {isa = PBXFileReference; lastKnownFileType = folder.assetcatalog; path = Assets.xcassets; sourceTree = "<group>"; };
		DC23EE671D68B66A00F34EB7 /* Base */ = {isa = PBXFileReference; lastKnownFileType = file.storyboard; name = Base; path = Base.lproj/LaunchScreen.storyboard; sourceTree = "<group>"; };
		DC23EE691D68B66A00F34EB7 /* Info.plist */ = {isa = PBXFileReference; lastKnownFileType = text.plist.xml; path = Info.plist; sourceTree = "<group>"; };
		DC23EE6E1D68B66A00F34EB7 /* QuizTests.xctest */ = {isa = PBXFileReference; explicitFileType = wrapper.cfbundle; includeInIndex = 0; path = QuizTests.xctest; sourceTree = BUILT_PRODUCTS_DIR; };
		DC23EE721D68B66A00F34EB7 /* QuizTests.swift */ = {isa = PBXFileReference; lastKnownFileType = sourcecode.swift; path = QuizTests.swift; sourceTree = "<group>"; };
		DC23EE741D68B66A00F34EB7 /* Info.plist */ = {isa = PBXFileReference; lastKnownFileType = text.plist.xml; path = Info.plist; sourceTree = "<group>"; };
/* End PBXFileReference section */

/* Begin PBXFrameworksBuildPhase section */
		DC23EE571D68B66A00F34EB7 /* Frameworks */ = {
			isa = PBXFrameworksBuildPhase;
			buildActionMask = 2147483647;
			files = (
			);
			runOnlyForDeploymentPostprocessing = 0;
		};
		DC23EE6B1D68B66A00F34EB7 /* Frameworks */ = {
			isa = PBXFrameworksBuildPhase;
			buildActionMask = 2147483647;
			files = (
			);
			runOnlyForDeploymentPostprocessing = 0;
		};
/* End PBXFrameworksBuildPhase section */

/* Begin PBXGroup section */
		DC23EE511D68B66A00F34EB7 = {
			isa = PBXGroup;
			children = (
				DC23EE5C1D68B66A00F34EB7 /* Quiz */,
				DC23EE711D68B66A00F34EB7 /* QuizTests */,
				DC23EE5B1D68B66A00F34EB7 /* Products */,
			);
			sourceTree = "<group>";
		};
		DC23EE5B1D68B66A00F34EB7 /* Products */ = {
			isa = PBXGroup;
			children = (
				DC23EE5A1D68B66A00F34EB7 /* Quiz.app */,
				DC23EE6E1D68B66A00F34EB7 /* QuizTests.xctest */,
			);
			name = Products;
			sourceTree = "<group>";
		};
		DC23EE5C1D68B66A00F34EB7 /* Quiz */ = {
			isa = PBXGroup;
			children = (
				DC23EE5D1D68B66A00F34EB7 /* AppDelegate.swift */,
				DC23EE5F1D68B66A00F34EB7 /* ViewController.swift */,
				DC23EE611D68B66A00F34EB7 /* Main.storyboard */,
				DC23EE641D68B66A00F34EB7 /* Assets.xcassets */,
				DC23EE661D68B66A00F34EB7 /* LaunchScreen.storyboard */,
				DC23EE691D68B66A00F34EB7 /* Info.plist */,
			);
			path = Quiz;
			sourceTree = "<group>";
		};
		DC23EE711D68B66A00F34EB7 /* QuizTests */ = {
			isa = PBXGroup;
			children = (
				DC23EE721D68B66A00F34EB7 /* QuizTests.swift */,
				DC23EE741D68B66A00F34EB7 /* Info.plist */,
			);
			path = QuizTests;
			sourceTree = "<group>";
		};
/* End PBXGroup section */

/* Begin PBXNativeTarget section */
		DC23EE591D68B66A00F34EB7 /* Quiz */ = {
			isa = PBXNativeTarget;
			buildConfigurationList = DC23EE771D68B66A00F34EB7 /* Build configuration list for PBXNativeTarget "Quiz" */;
			buildPhases = (
				DC23EE561D68B66A00F34EB7 /* Sources */,
				DC23EE571D68B66A00F34EB7 /* Frameworks */,
				DC23EE581D68B66A00F34EB7 /* Resources */,
			);
			buildRules = (
			);
			dependencies = (
			);
			name = Quiz;
			productName = Quiz;
			productReference = DC23EE5A1D68B66A00F34EB7 /* Quiz.app */;
			productType = "com.apple.product-type.application";
		};
		DC23EE6D1D68B66A00F34EB7 /* QuizTests */ = {
			isa = PBXNativeTarget;
			buildConfigurationList = DC23EE7A1D68B66A00F34EB7 /* Build configuration list for PBXNativeTarget "QuizTests" */;
			buildPhases = (
				DC23EE6A1D68B66A00F34EB7 /* Sources */,
				DC23EE6B1D68B66A00F34EB7 /* Frameworks */,
				DC23EE6C1D68B66A00F34EB7 /* Resources */,
			);
			buildRules = (
			);
			dependencies = (
				DC23EE701D68B66A00F34EB7 /* PBXTargetDependency */,
			);
			name = QuizTests;
			productName = QuizTests;
			productReference = DC23EE6E1D68B66A00F34EB7 /* QuizTests.xctest */;
			productType = "com.apple.product-type.bundle.unit-test";
		};
/* End PBXNativeTarget section */

/* Begin PBXProject section */
		DC23EE521D68B66A00F34EB7 /* Project object */ = {
			isa = PBXProject;
			attributes = {
				LastSwiftUpdateCheck = 0730;
				LastUpgradeCheck = 0730;
				ORGANIZATIONNAME = "Jie Zhang";
				TargetAttributes = {
					DC23EE591D68B66A00F34EB7 = {
						CreatedOnToolsVersion = 7.3.1;
					};
					DC23EE6D1D68B66A00F34EB7 = {
						CreatedOnToolsVersion = 7.3.1;
						TestTargetID = DC23EE591D68B66A00F34EB7;
					};
				};
			};
			buildConfigurationList = DC23EE551D68B66A00F34EB7 /* Build configuration list for PBXProject "Quiz" */;
			compatibilityVersion = "Xcode 3.2";
			developmentRegion = English;
			hasScannedForEncodings = 0;
			knownRegions = (
				en,
				Base,
			);
			mainGroup = DC23EE511D68B66A00F34EB7;
			productRefGroup = DC23EE5B1D68B66A00F34EB7 /* Products */;
			projectDirPath = "";
			projectRoot = "";
			targets = (
				DC23EE591D68B66A00F34EB7 /* Quiz */,
				DC23EE6D1D68B66A00F34EB7 /* QuizTests */,
			);
		};
/* End PBXProject section */

/* Begin PBXResourcesBuildPhase section */
		DC23EE581D68B66A00F34EB7 /* Resources */ = {
			isa = PBXResourcesBuildPhase;
			buildActionMask = 2147483647;
			files = (
				DC23EE681D68B66A00F34EB7 /* LaunchScreen.storyboard in Resources */,
				DC23EE651D68B66A00F34EB7 /* Assets.xcassets in Resources */,
				DC23EE631D68B66A00F34EB7 /* Main.storyboard in Resources */,
			);
			runOnlyForDeploymentPostprocessing = 0;
		};
		DC23EE6C1D68B66A00F34EB7 /* Resources */ = {
			isa = PBXResourcesBuildPhase;
			buildActionMask = 2147483647;
			files = (
			);
			runOnlyForDeploymentPostprocessing = 0;
		};
/* End PBXResourcesBuildPhase section */

/* Begin PBXSourcesBuildPhase section */
		DC23EE561D68B66A00F34EB7 /* Sources */ = {
			isa = PBXSourcesBuildPhase;
			buildActionMask = 2147483647;
			files = (
				DC23EE601D68B66A00F34EB7 /* ViewController.swift in Sources */,
				DC23EE5E1D68B66A00F34EB7 /* AppDelegate.swift in Sources */,
			);
			runOnlyForDeploymentPostprocessing = 0;
		};
		DC23EE6A1D68B66A00F34EB7 /* Sources */ = {
			isa = PBXSourcesBuildPhase;
			buildActionMask = 2147483647;
			files = (
				DC23EE731D68B66A00F34EB7 /* QuizTests.swift in Sources */,
			);
			runOnlyForDeploymentPostprocessing = 0;
		};
/* End PBXSourcesBuildPhase section */

/* Begin PBXTargetDependency section */
		DC23EE701D68B66A00F34EB7 /* PBXTargetDependency */ = {
			isa = PBXTargetDependency;
			target = DC23EE591D68B66A00F34EB7 /* Quiz */;
			targetProxy = DC23EE6F1D68B66A00F34EB7 /* PBXContainerItemProxy */;
		};
/* End PBXTargetDependency section */

/* Begin PBXVariantGroup section */
		DC23EE611D68B66A00F34EB7 /* Main.storyboard */ = {
			isa = PBXVariantGroup;
			children = (
				DC23EE621D68B66A00F34EB7 /* Base */,
			);
			name = Main.storyboard;
			sourceTree = "<group>";
		};
		DC23EE661D68B66A00F34EB7 /* LaunchScreen.storyboard */ = {
			isa = PBXVariantGroup;
			children = (
				DC23EE671D68B66A00F34EB7 /* Base */,
			);
			name = LaunchScreen.storyboard;
			sourceTree = "<group>";
		};
/* End PBXVariantGroup section */

/* Begin XCBuildConfiguration section */
		DC23EE751D68B66A00F34EB7 /* Debug */ = {
			isa = XCBuildConfiguration;
			buildSettings = {
				ALWAYS_SEARCH_USER_PATHS = NO;
				CLANG_ANALYZER_NONNULL = YES;
				CLANG_CXX_LANGUAGE_STANDARD = "gnu++0x";
				CLANG_CXX_LIBRARY = "libc++";
				CLANG_ENABLE_MODULES = YES;
				CLANG_ENABLE_OBJC_ARC = YES;
				CLANG_WARN_BOOL_CONVERSION = YES;
				CLANG_WARN_CONSTANT_CONVERSION = YES;
				CLANG_WARN_DIRECT_OBJC_ISA_USAGE = YES_ERROR;
				CLANG_WARN_EMPTY_BODY = YES;
				CLANG_WARN_ENUM_CONVERSION = YES;
				CLANG_WARN_INT_CONVERSION = YES;
				CLANG_WARN_OBJC_ROOT_CLASS = YES_ERROR;
				CLANG_WARN_UNREACHABLE_CODE = YES;
				CLANG_WARN__DUPLICATE_METHOD_MATCH = YES;
				"CODE_SIGN_IDENTITY[sdk=iphoneos*]" = "iPhone Developer";
				COPY_PHASE_STRIP = NO;
				DEBUG_INFORMATION_FORMAT = dwarf;
				ENABLE_STRICT_OBJC_MSGSEND = YES;
				ENABLE_TESTABILITY = YES;
				GCC_C_LANGUAGE_STANDARD = gnu99;
				GCC_DYNAMIC_NO_PIC = NO;
				GCC_NO_COMMON_BLOCKS = YES;
				GCC_OPTIMIZATION_LEVEL = 0;
				GCC_PREPROCESSOR_DEFINITIONS = (
					"DEBUG=1",
					"$(inherited)",
				);
				GCC_WARN_64_TO_32_BIT_CONVERSION = YES;
				GCC_WARN_ABOUT_RETURN_TYPE = YES_ERROR;
				GCC_WARN_UNDECLARED_SELECTOR = YES;
				GCC_WARN_UNINITIALIZED_AUTOS = YES_AGGRESSIVE;
				GCC_WARN_UNUSED_FUNCTION = YES;
				GCC_WARN_UNUSED_VARIABLE = YES;
				IPHONEOS_DEPLOYMENT_TARGET = 9.3;
				MTL_ENABLE_DEBUG_INFO = YES;
				ONLY_ACTIVE_ARCH = YES;
				SDKROOT = iphoneos;
				SWIFT_OPTIMIZATION_LEVEL = "-Onone";
			};
			name = Debug;
		};
		DC23EE761D68B66A00F34EB7 /* Release */ = {
			isa = XCBuildConfiguration;
			buildSettings = {
				ALWAYS_SEARCH_USER_PATHS = NO;
				CLANG_ANALYZER_NONNULL = YES;
				CLANG_CXX_LANGUAGE_STANDARD = "gnu++0x";
				CLANG_CXX_LIBRARY = "libc++";
				CLANG_ENABLE_MODULES = YES;
				CLANG_ENABLE_OBJC_ARC = YES;
				CLANG_WARN_BOOL_CONVERSION = YES;
				CLANG_WARN_CONSTANT_CONVERSION = YES;
				CLANG_WARN_DIRECT_OBJC_ISA_USAGE = YES_ERROR;
				CLANG_WARN_EMPTY_BODY = YES;
				CLANG_WARN_ENUM_CONVERSION = YES;
				CLANG_WARN_INT_CONVERSION = YES;
				CLANG_WARN_OBJC_ROOT_CLASS = YES_ERROR;
				CLANG_WARN_UNREACHABLE_CODE = YES;
				CLANG_WARN__DUPLICATE_METHOD_MATCH = YES;
				"CODE_SIGN_IDENTITY[sdk=iphoneos*]" = "iPhone Developer";
				COPY_PHASE_STRIP = NO;
				DEBUG_INFORMATION_FORMAT = "dwarf-with-dsym";
				ENABLE_NS_ASSERTIONS = NO;
				ENABLE_STRICT_OBJC_MSGSEND = YES;
				GCC_C_LANGUAGE_STANDARD = gnu99;
				GCC_NO_COMMON_BLOCKS = YES;
				GCC_WARN_64_TO_32_BIT_CONVERSION = YES;
				GCC_WARN_ABOUT_RETURN_TYPE = YES_ERROR;
				GCC_WARN_UNDECLARED_SELECTOR = YES;
				GCC_WARN_UNINITIALIZED_AUTOS = YES_AGGRESSIVE;
				GCC_WARN_UNUSED_FUNCTION = YES;
				GCC_WARN_UNUSED_VARIABLE = YES;
				IPHONEOS_DEPLOYMENT_TARGET = 9.3;
				MTL_ENABLE_DEBUG_INFO = NO;
				SDKROOT = iphoneos;
				VALIDATE_PRODUCT = YES;
			};
			name = Release;
		};
		DC23EE781D68B66A00F34EB7 /* Debug */ = {
			isa = XCBuildConfiguration;
			buildSettings = {
				ASSETCATALOG_COMPILER_APPICON_NAME = AppIcon;
				INFOPLIST_FILE = Quiz/Info.plist;
				LD_RUNPATH_SEARCH_PATHS = "$(inherited) @executable_path/Frameworks";
				PRODUCT_BUNDLE_IDENTIFIER = com.study.Quiz;
				PRODUCT_NAME = "$(TARGET_NAME)";
			};
			name = Debug;
		};
		DC23EE791D68B66A00F34EB7 /* Release */ = {
			isa = XCBuildConfiguration;
			buildSettings = {
				ASSETCATALOG_COMPILER_APPICON_NAME = AppIcon;
				INFOPLIST_FILE = Quiz/Info.plist;
				LD_RUNPATH_SEARCH_PATHS = "$(inherited) @executable_path/Frameworks";
				PRODUCT_BUNDLE_IDENTIFIER = com.study.Quiz;
				PRODUCT_NAME = "$(TARGET_NAME)";
			};
			name = Release;
		};
		DC23EE7B1D68B66A00F34EB7 /* Debug */ = {
			isa = XCBuildConfiguration;
			buildSettings = {
				BUNDLE_LOADER = "$(TEST_HOST)";
				INFOPLIST_FILE = QuizTests/Info.plist;
				LD_RUNPATH_SEARCH_PATHS = "$(inherited) @executable_path/Frameworks @loader_path/Frameworks";
				PRODUCT_BUNDLE_IDENTIFIER = com.study.QuizTests;
				PRODUCT_NAME = "$(TARGET_NAME)";
				TEST_HOST = "$(BUILT_PRODUCTS_DIR)/Quiz.app/Quiz";
			};
			name = Debug;
		};
		DC23EE7C1D68B66A00F34EB7 /* Release */ = {
			isa = XCBuildConfiguration;
			buildSettings = {
				BUNDLE_LOADER = "$(TEST_HOST)";
				INFOPLIST_FILE = QuizTests/Info.plist;
				LD_RUNPATH_SEARCH_PATHS = "$(inherited) @executable_path/Frameworks @loader_path/Frameworks";
				PRODUCT_BUNDLE_IDENTIFIER = com.study.QuizTests;
				PRODUCT_NAME = "$(TARGET_NAME)";
				TEST_HOST = "$(BUILT_PRODUCTS_DIR)/Quiz.app/Quiz";
			};
			name = Release;
		};
/* End XCBuildConfiguration section */

/* Begin XCConfigurationList section */
		DC23EE551D68B66A00F34EB7 /* Build configuration list for PBXProject "Quiz" */ = {
			isa = XCConfigurationList;
			buildConfigurations = (
				DC23EE751D68B66A00F34EB7 /* Debug */,
				DC23EE761D68B66A00F34EB7 /* Release */,
			);
			defaultConfigurationIsVisible = 0;
			defaultConfigurationName = Release;
		};
		DC23EE771D68B66A00F34EB7 /* Build configuration list for PBXNativeTarget "Quiz" */ = {
			isa = XCConfigurationList;
			buildConfigurations = (
				DC23EE781D68B66A00F34EB7 /* Debug */,
				DC23EE791D68B66A00F34EB7 /* Release */,
			);
			defaultConfigurationIsVisible = 0;
		};
		DC23EE7A1D68B66A00F34EB7 /* Build configuration list for PBXNativeTarget "QuizTests" */ = {
			isa = XCConfigurationList;
			buildConfigurations = (
				DC23EE7B1D68B66A00F34EB7 /* Debug */,
				DC23EE7C1D68B66A00F34EB7 /* Release */,
			);
			defaultConfigurationIsVisible = 0;
		};
/* End XCConfigurationList section */
	};
	rootObject = DC23EE521D68B66A00F34EB7 /* Project object */;
}
