// !$*UTF8*$!
{
	archiveVersion = 1;
	classes = {
	};
	objectVersion = 46;
	objects = {

/* Begin PBXBuildFile section */
		DC23EE8A1D6978BE00F34EB7 /* main.swift in Sources */ = {isa = PBXBuildFile; fileRef = DC23EE891D6978BE00F34EB7 /* main.swift */; };
		DC23EE911D699C8700F34EB7 /* BNRItem.swift in Sources */ = {isa = PBXBuildFile; fileRef = DC23EE901D699C8700F34EB7 /* BNRItem.swift */; };
/* End PBXBuildFile section */

/* Begin PBXCopyFilesBuildPhase section */
		DC23EE841D6978BE00F34EB7 /* CopyFiles */ = {
			isa = PBXCopyFilesBuildPhase;
			buildActionMask = 2147483647;
			dstPath = /usr/share/man/man1/;
			dstSubfolderSpec = 0;
			files = (
			);
			runOnlyForDeploymentPostprocessing = 1;
		};
/* End PBXCopyFilesBuildPhase section */

/* Begin PBXFileReference section */
		DC23EE861D6978BE00F34EB7 /* RandomItems */ = {isa = PBXFileReference; explicitFileType = "compiled.mach-o.executable"; includeInIndex = 0; path = RandomItems; sourceTree = BUILT_PRODUCTS_DIR; };
		DC23EE891D6978BE00F34EB7 /* main.swift */ = {isa = PBXFileReference; lastKnownFileType = sourcecode.swift; path = main.swift; sourceTree = "<group>"; };
		DC23EE901D699C8700F34EB7 /* BNRItem.swift */ = {isa = PBXFileReference; fileEncoding = 4; lastKnownFileType = sourcecode.swift; path = BNRItem.swift; sourceTree = "<group>"; };
/* End PBXFileReference section */

/* Begin PBXFrameworksBuildPhase section */
		DC23EE831D6978BE00F34EB7 /* Frameworks */ = {
			isa = PBXFrameworksBuildPhase;
			buildActionMask = 2147483647;
			files = (
			);
			runOnlyForDeploymentPostprocessing = 0;
		};
/* End PBXFrameworksBuildPhase section */

/* Begin PBXGroup section */
		DC23EE7D1D6978BE00F34EB7 = {
			isa = PBXGroup;
			children = (
				DC23EE881D6978BE00F34EB7 /* RandomItems */,
				DC23EE871D6978BE00F34EB7 /* Products */,
			);
			sourceTree = "<group>";
		};
		DC23EE871D6978BE00F34EB7 /* Products */ = {
			isa = PBXGroup;
			children = (
				DC23EE861D6978BE00F34EB7 /* RandomItems */,
			);
			name = Products;
			sourceTree = "<group>";
		};
		DC23EE881D6978BE00F34EB7 /* RandomItems */ = {
			isa = PBXGroup;
			children = (
				DC23EE891D6978BE00F34EB7 /* main.swift */,
				DC23EE901D699C8700F34EB7 /* BNRItem.swift */,
			);
			path = RandomItems;
			sourceTree = "<group>";
		};
/* End PBXGroup section */

/* Begin PBXNativeTarget section */
		DC23EE851D6978BE00F34EB7 /* RandomItems */ = {
			isa = PBXNativeTarget;
			buildConfigurationList = DC23EE8D1D6978BE00F34EB7 /* Build configuration list for PBXNativeTarget "RandomItems" */;
			buildPhases = (
				DC23EE821D6978BE00F34EB7 /* Sources */,
				DC23EE831D6978BE00F34EB7 /* Frameworks */,
				DC23EE841D6978BE00F34EB7 /* CopyFiles */,
			);
			buildRules = (
			);
			dependencies = (
			);
			name = RandomItems;
			productName = RandomItems;
			productReference = DC23EE861D6978BE00F34EB7 /* RandomItems */;
			productType = "com.apple.product-type.tool";
		};
/* End PBXNativeTarget section */

/* Begin PBXProject section */
		DC23EE7E1D6978BE00F34EB7 /* Project object */ = {
			isa = PBXProject;
			attributes = {
				LastSwiftUpdateCheck = 0730;
				LastUpgradeCheck = 0730;
				ORGANIZATIONNAME = "Jie Zhang";
				TargetAttributes = {
					DC23EE851D6978BE00F34EB7 = {
						CreatedOnToolsVersion = 7.3.1;
					};
				};
			};
			buildConfigurationList = DC23EE811D6978BE00F34EB7 /* Build configuration list for PBXProject "RandomItems" */;
			compatibilityVersion = "Xcode 3.2";
			developmentRegion = English;
			hasScannedForEncodings = 0;
			knownRegions = (
				en,
			);
			mainGroup = DC23EE7D1D6978BE00F34EB7;
			productRefGroup = DC23EE871D6978BE00F34EB7 /* Products */;
			projectDirPath = "";
			projectRoot = "";
			targets = (
				DC23EE851D6978BE00F34EB7 /* RandomItems */,
			);
		};
/* End PBXProject section */

/* Begin PBXSourcesBuildPhase section */
		DC23EE821D6978BE00F34EB7 /* Sources */ = {
			isa = PBXSourcesBuildPhase;
			buildActionMask = 2147483647;
			files = (
				DC23EE8A1D6978BE00F34EB7 /* main.swift in Sources */,
				DC23EE911D699C8700F34EB7 /* BNRItem.swift in Sources */,
			);
			runOnlyForDeploymentPostprocessing = 0;
		};
/* End PBXSourcesBuildPhase section */

/* Begin XCBuildConfiguration section */
		DC23EE8B1D6978BE00F34EB7 /* Debug */ = {
			isa = XCBuildConfiguration;
			buildSettings = {
				ALWAYS_SEARCH_USER_PATHS = NO;
				CLANG_ANALYZER_NONNULL = YES;
				CLANG_CXX_LANGUAGE_STANDARD = "gnu++0x";
				CLANG_CXX_LIBRARY = "libc++";
				CLANG_ENABLE_MODULES = YES;
				CLANG_ENABLE_OBJC_ARC = YES;
				CLANG_WARN_BOOL_CONVERSION = YES;
				CLANG_WARN_CONSTANT_CONVERSION = YES;
				CLANG_WARN_DIRECT_OBJC_ISA_USAGE = YES_ERROR;
				CLANG_WARN_EMPTY_BODY = YES;
				CLANG_WARN_ENUM_CONVERSION = YES;
				CLANG_WARN_INT_CONVERSION = YES;
				CLANG_WARN_OBJC_ROOT_CLASS = YES_ERROR;
				CLANG_WARN_UNREACHABLE_CODE = YES;
				CLANG_WARN__DUPLICATE_METHOD_MATCH = YES;
				CODE_SIGN_IDENTITY = "-";
				COPY_PHASE_STRIP = NO;
				DEBUG_INFORMATION_FORMAT = dwarf;
				ENABLE_STRICT_OBJC_MSGSEND = YES;
				ENABLE_TESTABILITY = YES;
				GCC_C_LANGUAGE_STANDARD = gnu99;
				GCC_DYNAMIC_NO_PIC = NO;
				GCC_NO_COMMON_BLOCKS = YES;
				GCC_OPTIMIZATION_LEVEL = 0;
				GCC_PREPROCESSOR_DEFINITIONS = (
					"DEBUG=1",
					"$(inherited)",
				);
				GCC_WARN_64_TO_32_BIT_CONVERSION = YES;
				GCC_WARN_ABOUT_RETURN_TYPE = YES_ERROR;
				GCC_WARN_UNDECLARED_SELECTOR = YES;
				GCC_WARN_UNINITIALIZED_AUTOS = YES_AGGRESSIVE;
				GCC_WARN_UNUSED_FUNCTION = YES;
				GCC_WARN_UNUSED_VARIABLE = YES;
				MACOSX_DEPLOYMENT_TARGET = 10.11;
				MTL_ENABLE_DEBUG_INFO = YES;
				ONLY_ACTIVE_ARCH = YES;
				SDKROOT = macosx;
				SWIFT_OPTIMIZATION_LEVEL = "-Onone";
			};
			name = Debug;
		};
		DC23EE8C1D6978BE00F34EB7 /* Release */ = {
			isa = XCBuildConfiguration;
			buildSettings = {
				ALWAYS_SEARCH_USER_PATHS = NO;
				CLANG_ANALYZER_NONNULL = YES;
				CLANG_CXX_LANGUAGE_STANDARD = "gnu++0x";
				CLANG_CXX_LIBRARY = "libc++";
				CLANG_ENABLE_MODULES = YES;
				CLANG_ENABLE_OBJC_ARC = YES;
				CLANG_WARN_BOOL_CONVERSION = YES;
				CLANG_WARN_CONSTANT_CONVERSION = YES;
				CLANG_WARN_DIRECT_OBJC_ISA_USAGE = YES_ERROR;
				CLANG_WARN_EMPTY_BODY = YES;
				CLANG_WARN_ENUM_CONVERSION = YES;
				CLANG_WARN_INT_CONVERSION = YES;
				CLANG_WARN_OBJC_ROOT_CLASS = YES_ERROR;
				CLANG_WARN_UNREACHABLE_CODE = YES;
				CLANG_WARN__DUPLICATE_METHOD_MATCH = YES;
				CODE_SIGN_IDENTITY = "-";
				COPY_PHASE_STRIP = NO;
				DEBUG_INFORMATION_FORMAT = "dwarf-with-dsym";
				ENABLE_NS_ASSERTIONS = NO;
				ENABLE_STRICT_OBJC_MSGSEND = YES;
				GCC_C_LANGUAGE_STANDARD = gnu99;
				GCC_NO_COMMON_BLOCKS = YES;
				GCC_WARN_64_TO_32_BIT_CONVERSION = YES;
				GCC_WARN_ABOUT_RETURN_TYPE = YES_ERROR;
				GCC_WARN_UNDECLARED_SELECTOR = YES;
				GCC_WARN_UNINITIALIZED_AUTOS = YES_AGGRESSIVE;
				GCC_WARN_UNUSED_FUNCTION = YES;
				GCC_WARN_UNUSED_VARIABLE = YES;
				MACOSX_DEPLOYMENT_TARGET = 10.11;
				MTL_ENABLE_DEBUG_INFO = NO;
				SDKROOT = macosx;
			};
			name = Release;
		};
		DC23EE8E1D6978BE00F34EB7 /* Debug */ = {
			isa = XCBuildConfiguration;
			buildSettings = {
				PRODUCT_NAME = "$(TARGET_NAME)";
			};
			name = Debug;
		};
		DC23EE8F1D6978BE00F34EB7 /* Release */ = {
			isa = XCBuildConfiguration;
			buildSettings = {
				PRODUCT_NAME = "$(TARGET_NAME)";
			};
			name = Release;
		};
/* End XCBuildConfiguration section */

/* Begin XCConfigurationList section */
		DC23EE811D6978BE00F34EB7 /* Build configuration list for PBXProject "RandomItems" */ = {
			isa = XCConfigurationList;
			buildConfigurations = (
				DC23EE8B1D6978BE00F34EB7 /* Debug */,
				DC23EE8C1D6978BE00F34EB7 /* Release */,
			);
			defaultConfigurationIsVisible = 0;
			defaultConfigurationName = Release;
		};
		DC23EE8D1D6978BE00F34EB7 /* Build configuration list for PBXNativeTarget "RandomItems" */ = {
			isa = XCConfigurationList;
			buildConfigurations = (
				DC23EE8E1D6978BE00F34EB7 /* Debug */,
				DC23EE8F1D6978BE00F34EB7 /* Release */,
			);
			defaultConfigurationIsVisible = 0;
		};
/* End XCConfigurationList section */
	};
	rootObject = DC23EE7E1D6978BE00F34EB7 /* Project object */;
}
